// !$*UTF8*$!
{
	archiveVersion = 1;
	classes = {
	};
	objectVersion = 48;
	objects = {

/* Begin PBXBuildFile section */
		D25A50AB1FBB40F900E8E013 /* AppDelegate.swift in Sources */ = {isa = PBXBuildFile; fileRef = D25A50AA1FBB40F900E8E013 /* AppDelegate.swift */; };
		D25A50AD1FBB40F900E8E013 /* AlbumsViewController.swift in Sources */ = {isa = PBXBuildFile; fileRef = D25A50AC1FBB40F900E8E013 /* AlbumsViewController.swift */; };
		D25A50B01FBB40F900E8E013 /* Main.storyboard in Resources */ = {isa = PBXBuildFile; fileRef = D25A50AE1FBB40F900E8E013 /* Main.storyboard */; };
		D25A50B21FBB40F900E8E013 /* Assets.xcassets in Resources */ = {isa = PBXBuildFile; fileRef = D25A50B11FBB40F900E8E013 /* Assets.xcassets */; };
		D25A50B51FBB40F900E8E013 /* LaunchScreen.storyboard in Resources */ = {isa = PBXBuildFile; fileRef = D25A50B31FBB40F900E8E013 /* LaunchScreen.storyboard */; };
		D25A50C01FBB40F900E8E013 /* AlbumsTests.swift in Sources */ = {isa = PBXBuildFile; fileRef = D25A50BF1FBB40F900E8E013 /* AlbumsTests.swift */; };
		D25A50CB1FBB40F900E8E013 /* AlbumsUITests.swift in Sources */ = {isa = PBXBuildFile; fileRef = D25A50CA1FBB40F900E8E013 /* AlbumsUITests.swift */; };
		D25A50D91FBB433700E8E013 /* AlbumData.json in Resources */ = {isa = PBXBuildFile; fileRef = D25A50D81FBB433700E8E013 /* AlbumData.json */; };
		D25A50DB1FBB434500E8E013 /* AlbumService.swift in Sources */ = {isa = PBXBuildFile; fileRef = D25A50DA1FBB434500E8E013 /* AlbumService.swift */; };
		D25A50DD1FBB435600E8E013 /* Album.swift in Sources */ = {isa = PBXBuildFile; fileRef = D25A50DC1FBB435600E8E013 /* Album.swift */; };
/* End PBXBuildFile section */

/* Begin PBXContainerItemProxy section */
		D25A50BC1FBB40F900E8E013 /* PBXContainerItemProxy */ = {
			isa = PBXContainerItemProxy;
			containerPortal = D25A509F1FBB40F800E8E013 /* Project object */;
			proxyType = 1;
			remoteGlobalIDString = D25A50A61FBB40F900E8E013;
			remoteInfo = Albums;
		};
		D25A50C71FBB40F900E8E013 /* PBXContainerItemProxy */ = {
			isa = PBXContainerItemProxy;
			containerPortal = D25A509F1FBB40F800E8E013 /* Project object */;
			proxyType = 1;
			remoteGlobalIDString = D25A50A61FBB40F900E8E013;
			remoteInfo = Albums;
		};
/* End PBXContainerItemProxy section */

/* Begin PBXFileReference section */
		D25A50A71FBB40F900E8E013 /* Albums.app */ = {isa = PBXFileReference; explicitFileType = wrapper.application; includeInIndex = 0; path = Albums.app; sourceTree = BUILT_PRODUCTS_DIR; };
		D25A50AA1FBB40F900E8E013 /* AppDelegate.swift */ = {isa = PBXFileReference; lastKnownFileType = sourcecode.swift; path = AppDelegate.swift; sourceTree = "<group>"; };
		D25A50AC1FBB40F900E8E013 /* AlbumsViewController.swift */ = {isa = PBXFileReference; lastKnownFileType = sourcecode.swift; path = AlbumsViewController.swift; sourceTree = "<group>"; };
		D25A50AF1FBB40F900E8E013 /* Base */ = {isa = PBXFileReference; lastKnownFileType = file.storyboard; name = Base; path = Base.lproj/Main.storyboard; sourceTree = "<group>"; };
		D25A50B11FBB40F900E8E013 /* Assets.xcassets */ = {isa = PBXFileReference; lastKnownFileType = folder.assetcatalog; path = Assets.xcassets; sourceTree = "<group>"; };
		D25A50B41FBB40F900E8E013 /* Base */ = {isa = PBXFileReference; lastKnownFileType = file.storyboard; name = Base; path = Base.lproj/LaunchScreen.storyboard; sourceTree = "<group>"; };
		D25A50B61FBB40F900E8E013 /* Info.plist */ = {isa = PBXFileReference; lastKnownFileType = text.plist.xml; path = Info.plist; sourceTree = "<group>"; };
		D25A50BB1FBB40F900E8E013 /* AlbumsTests.xctest */ = {isa = PBXFileReference; explicitFileType = wrapper.cfbundle; includeInIndex = 0; path = AlbumsTests.xctest; sourceTree = BUILT_PRODUCTS_DIR; };
		D25A50BF1FBB40F900E8E013 /* AlbumsTests.swift */ = {isa = PBXFileReference; lastKnownFileType = sourcecode.swift; path = AlbumsTests.swift; sourceTree = "<group>"; };
		D25A50C11FBB40F900E8E013 /* Info.plist */ = {isa = PBXFileReference; lastKnownFileType = text.plist.xml; path = Info.plist; sourceTree = "<group>"; };
		D25A50C61FBB40F900E8E013 /* AlbumsUITests.xctest */ = {isa = PBXFileReference; explicitFileType = wrapper.cfbundle; includeInIndex = 0; path = AlbumsUITests.xctest; sourceTree = BUILT_PRODUCTS_DIR; };
		D25A50CA1FBB40F900E8E013 /* AlbumsUITests.swift */ = {isa = PBXFileReference; lastKnownFileType = sourcecode.swift; path = AlbumsUITests.swift; sourceTree = "<group>"; };
		D25A50CC1FBB40F900E8E013 /* Info.plist */ = {isa = PBXFileReference; lastKnownFileType = text.plist.xml; path = Info.plist; sourceTree = "<group>"; };
		D25A50D81FBB433700E8E013 /* AlbumData.json */ = {isa = PBXFileReference; lastKnownFileType = text.json; path = AlbumData.json; sourceTree = "<group>"; };
		D25A50DA1FBB434500E8E013 /* AlbumService.swift */ = {isa = PBXFileReference; lastKnownFileType = sourcecode.swift; path = AlbumService.swift; sourceTree = "<group>"; };
		D25A50DC1FBB435600E8E013 /* Album.swift */ = {isa = PBXFileReference; lastKnownFileType = sourcecode.swift; path = Album.swift; sourceTree = "<group>"; };
/* End PBXFileReference section */

/* Begin PBXFrameworksBuildPhase section */
		D25A50A41FBB40F900E8E013 /* Frameworks */ = {
			isa = PBXFrameworksBuildPhase;
			buildActionMask = 2147483647;
			files = (
			);
			runOnlyForDeploymentPostprocessing = 0;
		};
		D25A50B81FBB40F900E8E013 /* Frameworks */ = {
			isa = PBXFrameworksBuildPhase;
			buildActionMask = 2147483647;
			files = (
			);
			runOnlyForDeploymentPostprocessing = 0;
		};
		D25A50C31FBB40F900E8E013 /* Frameworks */ = {
			isa = PBXFrameworksBuildPhase;
			buildActionMask = 2147483647;
			files = (
			);
			runOnlyForDeploymentPostprocessing = 0;
		};
/* End PBXFrameworksBuildPhase section */

/* Begin PBXGroup section */
		D25A509E1FBB40F800E8E013 = {
			isa = PBXGroup;
			children = (
				D25A50D81FBB433700E8E013 /* AlbumData.json */,
				D25A50DA1FBB434500E8E013 /* AlbumService.swift */,
				D25A50DC1FBB435600E8E013 /* Album.swift */,
				D25A50A91FBB40F900E8E013 /* Albums */,
				D25A50BE1FBB40F900E8E013 /* AlbumsTests */,
				D25A50C91FBB40F900E8E013 /* AlbumsUITests */,
				D25A50A81FBB40F900E8E013 /* Products */,
			);
			sourceTree = "<group>";
		};
		D25A50A81FBB40F900E8E013 /* Products */ = {
			isa = PBXGroup;
			children = (
				D25A50A71FBB40F900E8E013 /* Albums.app */,
				D25A50BB1FBB40F900E8E013 /* AlbumsTests.xctest */,
				D25A50C61FBB40F900E8E013 /* AlbumsUITests.xctest */,
			);
			name = Products;
			sourceTree = "<group>";
		};
		D25A50A91FBB40F900E8E013 /* Albums */ = {
			isa = PBXGroup;
			children = (
				D25A50AA1FBB40F900E8E013 /* AppDelegate.swift */,
				D25A50AC1FBB40F900E8E013 /* AlbumsViewController.swift */,
				D25A50AE1FBB40F900E8E013 /* Main.storyboard */,
				D25A50B11FBB40F900E8E013 /* Assets.xcassets */,
				D25A50B31FBB40F900E8E013 /* LaunchScreen.storyboard */,
				D25A50B61FBB40F900E8E013 /* Info.plist */,
			);
			path = Albums;
			sourceTree = "<group>";
		};
		D25A50BE1FBB40F900E8E013 /* AlbumsTests */ = {
			isa = PBXGroup;
			children = (
				D25A50BF1FBB40F900E8E013 /* AlbumsTests.swift */,
				D25A50C11FBB40F900E8E013 /* Info.plist */,
			);
			path = AlbumsTests;
			sourceTree = "<group>";
		};
		D25A50C91FBB40F900E8E013 /* AlbumsUITests */ = {
			isa = PBXGroup;
			children = (
				D25A50CA1FBB40F900E8E013 /* AlbumsUITests.swift */,
				D25A50CC1FBB40F900E8E013 /* Info.plist */,
			);
			path = AlbumsUITests;
			sourceTree = "<group>";
		};
/* End PBXGroup section */

/* Begin PBXNativeTarget section */
		D25A50A61FBB40F900E8E013 /* Albums */ = {
			isa = PBXNativeTarget;
			buildConfigurationList = D25A50CF1FBB40F900E8E013 /* Build configuration list for PBXNativeTarget "Albums" */;
			buildPhases = (
				D25A50A31FBB40F900E8E013 /* Sources */,
				D25A50A41FBB40F900E8E013 /* Frameworks */,
				D25A50A51FBB40F900E8E013 /* Resources */,
			);
			buildRules = (
			);
			dependencies = (
			);
			name = Albums;
			productName = Albums;
			productReference = D25A50A71FBB40F900E8E013 /* Albums.app */;
			productType = "com.apple.product-type.application";
		};
		D25A50BA1FBB40F900E8E013 /* AlbumsTests */ = {
			isa = PBXNativeTarget;
			buildConfigurationList = D25A50D21FBB40F900E8E013 /* Build configuration list for PBXNativeTarget "AlbumsTests" */;
			buildPhases = (
				D25A50B71FBB40F900E8E013 /* Sources */,
				D25A50B81FBB40F900E8E013 /* Frameworks */,
				D25A50B91FBB40F900E8E013 /* Resources */,
			);
			buildRules = (
			);
			dependencies = (
				D25A50BD1FBB40F900E8E013 /* PBXTargetDependency */,
			);
			name = AlbumsTests;
			productName = AlbumsTests;
			productReference = D25A50BB1FBB40F900E8E013 /* AlbumsTests.xctest */;
			productType = "com.apple.product-type.bundle.unit-test";
		};
		D25A50C51FBB40F900E8E013 /* AlbumsUITests */ = {
			isa = PBXNativeTarget;
			buildConfigurationList = D25A50D51FBB40F900E8E013 /* Build configuration list for PBXNativeTarget "AlbumsUITests" */;
			buildPhases = (
				D25A50C21FBB40F900E8E013 /* Sources */,
				D25A50C31FBB40F900E8E013 /* Frameworks */,
				D25A50C41FBB40F900E8E013 /* Resources */,
			);
			buildRules = (
			);
			dependencies = (
				D25A50C81FBB40F900E8E013 /* PBXTargetDependency */,
			);
			name = AlbumsUITests;
			productName = AlbumsUITests;
			productReference = D25A50C61FBB40F900E8E013 /* AlbumsUITests.xctest */;
			productType = "com.apple.product-type.bundle.ui-testing";
		};
/* End PBXNativeTarget section */

/* Begin PBXProject section */
		D25A509F1FBB40F800E8E013 /* Project object */ = {
			isa = PBXProject;
			attributes = {
				LastSwiftUpdateCheck = 0910;
				LastUpgradeCheck = 0910;
				ORGANIZATIONNAME = "Lisa J";
				TargetAttributes = {
					D25A50A61FBB40F900E8E013 = {
						CreatedOnToolsVersion = 9.1;
						ProvisioningStyle = Automatic;
					};
					D25A50BA1FBB40F900E8E013 = {
						CreatedOnToolsVersion = 9.1;
						ProvisioningStyle = Automatic;
						TestTargetID = D25A50A61FBB40F900E8E013;
					};
					D25A50C51FBB40F900E8E013 = {
						CreatedOnToolsVersion = 9.1;
						ProvisioningStyle = Automatic;
						TestTargetID = D25A50A61FBB40F900E8E013;
					};
				};
			};
			buildConfigurationList = D25A50A21FBB40F800E8E013 /* Build configuration list for PBXProject "Albums" */;
			compatibilityVersion = "Xcode 8.0";
			developmentRegion = en;
			hasScannedForEncodings = 0;
			knownRegions = (
				en,
				Base,
			);
			mainGroup = D25A509E1FBB40F800E8E013;
			productRefGroup = D25A50A81FBB40F900E8E013 /* Products */;
			projectDirPath = "";
			projectRoot = "";
			targets = (
				D25A50A61FBB40F900E8E013 /* Albums */,
				D25A50BA1FBB40F900E8E013 /* AlbumsTests */,
				D25A50C51FBB40F900E8E013 /* AlbumsUITests */,
			);
		};
/* End PBXProject section */

/* Begin PBXResourcesBuildPhase section */
		D25A50A51FBB40F900E8E013 /* Resources */ = {
			isa = PBXResourcesBuildPhase;
			buildActionMask = 2147483647;
			files = (
				D25A50B51FBB40F900E8E013 /* LaunchScreen.storyboard in Resources */,
				D25A50D91FBB433700E8E013 /* AlbumData.json in Resources */,
				D25A50B21FBB40F900E8E013 /* Assets.xcassets in Resources */,
				D25A50B01FBB40F900E8E013 /* Main.storyboard in Resources */,
			);
			runOnlyForDeploymentPostprocessing = 0;
		};
		D25A50B91FBB40F900E8E013 /* Resources */ = {
			isa = PBXResourcesBuildPhase;
			buildActionMask = 2147483647;
			files = (
			);
			runOnlyForDeploymentPostprocessing = 0;
		};
		D25A50C41FBB40F900E8E013 /* Resources */ = {
			isa = PBXResourcesBuildPhase;
			buildActionMask = 2147483647;
			files = (
			);
			runOnlyForDeploymentPostprocessing = 0;
		};
/* End PBXResourcesBuildPhase section */

/* Begin PBXSourcesBuildPhase section */
		D25A50A31FBB40F900E8E013 /* Sources */ = {
			isa = PBXSourcesBuildPhase;
			buildActionMask = 2147483647;
			files = (
				D25A50AD1FBB40F900E8E013 /* AlbumsViewController.swift in Sources */,
				D25A50AB1FBB40F900E8E013 /* AppDelegate.swift in Sources */,
				D25A50DB1FBB434500E8E013 /* AlbumService.swift in Sources */,
				D25A50DD1FBB435600E8E013 /* Album.swift in Sources */,
			);
			runOnlyForDeploymentPostprocessing = 0;
		};
		D25A50B71FBB40F900E8E013 /* Sources */ = {
			isa = PBXSourcesBuildPhase;
			buildActionMask = 2147483647;
			files = (
				D25A50C01FBB40F900E8E013 /* AlbumsTests.swift in Sources */,
			);
			runOnlyForDeploymentPostprocessing = 0;
		};
		D25A50C21FBB40F900E8E013 /* Sources */ = {
			isa = PBXSourcesBuildPhase;
			buildActionMask = 2147483647;
			files = (
				D25A50CB1FBB40F900E8E013 /* AlbumsUITests.swift in Sources */,
			);
			runOnlyForDeploymentPostprocessing = 0;
		};
/* End PBXSourcesBuildPhase section */

/* Begin PBXTargetDependency section */
		D25A50BD1FBB40F900E8E013 /* PBXTargetDependency */ = {
			isa = PBXTargetDependency;
			target = D25A50A61FBB40F900E8E013 /* Albums */;
			targetProxy = D25A50BC1FBB40F900E8E013 /* PBXContainerItemProxy */;
		};
		D25A50C81FBB40F900E8E013 /* PBXTargetDependency */ = {
			isa = PBXTargetDependency;
			target = D25A50A61FBB40F900E8E013 /* Albums */;
			targetProxy = D25A50C71FBB40F900E8E013 /* PBXContainerItemProxy */;
		};
/* End PBXTargetDependency section */

/* Begin PBXVariantGroup section */
		D25A50AE1FBB40F900E8E013 /* Main.storyboard */ = {
			isa = PBXVariantGroup;
			children = (
				D25A50AF1FBB40F900E8E013 /* Base */,
			);
			name = Main.storyboard;
			sourceTree = "<group>";
		};
		D25A50B31FBB40F900E8E013 /* LaunchScreen.storyboard */ = {
			isa = PBXVariantGroup;
			children = (
				D25A50B41FBB40F900E8E013 /* Base */,
			);
			name = LaunchScreen.storyboard;
			sourceTree = "<group>";
		};
/* End PBXVariantGroup section */

/* Begin XCBuildConfiguration section */
		D25A50CD1FBB40F900E8E013 /* Debug */ = {
			isa = XCBuildConfiguration;
			buildSettings = {
				ALWAYS_SEARCH_USER_PATHS = NO;
				CLANG_ANALYZER_NONNULL = YES;
				CLANG_ANALYZER_NUMBER_OBJECT_CONVERSION = YES_AGGRESSIVE;
				CLANG_CXX_LANGUAGE_STANDARD = "gnu++14";
				CLANG_CXX_LIBRARY = "libc++";
				CLANG_ENABLE_MODULES = YES;
				CLANG_ENABLE_OBJC_ARC = YES;
				CLANG_WARN_BLOCK_CAPTURE_AUTORELEASING = YES;
				CLANG_WARN_BOOL_CONVERSION = YES;
				CLANG_WARN_COMMA = YES;
				CLANG_WARN_CONSTANT_CONVERSION = YES;
				CLANG_WARN_DIRECT_OBJC_ISA_USAGE = YES_ERROR;
				CLANG_WARN_DOCUMENTATION_COMMENTS = YES;
				CLANG_WARN_EMPTY_BODY = YES;
				CLANG_WARN_ENUM_CONVERSION = YES;
				CLANG_WARN_INFINITE_RECURSION = YES;
				CLANG_WARN_INT_CONVERSION = YES;
				CLANG_WARN_NON_LITERAL_NULL_CONVERSION = YES;
				CLANG_WARN_OBJC_LITERAL_CONVERSION = YES;
				CLANG_WARN_OBJC_ROOT_CLASS = YES_ERROR;
				CLANG_WARN_RANGE_LOOP_ANALYSIS = YES;
				CLANG_WARN_STRICT_PROTOTYPES = YES;
				CLANG_WARN_SUSPICIOUS_MOVE = YES;
				CLANG_WARN_UNGUARDED_AVAILABILITY = YES_AGGRESSIVE;
				CLANG_WARN_UNREACHABLE_CODE = YES;
				CLANG_WARN__DUPLICATE_METHOD_MATCH = YES;
				CODE_SIGN_IDENTITY = "iPhone Developer";
				COPY_PHASE_STRIP = NO;
				DEBUG_INFORMATION_FORMAT = dwarf;
				ENABLE_STRICT_OBJC_MSGSEND = YES;
				ENABLE_TESTABILITY = YES;
				GCC_C_LANGUAGE_STANDARD = gnu11;
				GCC_DYNAMIC_NO_PIC = NO;
				GCC_NO_COMMON_BLOCKS = YES;
				GCC_OPTIMIZATION_LEVEL = 0;
				GCC_PREPROCESSOR_DEFINITIONS = (
					"DEBUG=1",
					"$(inherited)",
				);
				GCC_WARN_64_TO_32_BIT_CONVERSION = YES;
				GCC_WARN_ABOUT_RETURN_TYPE = YES_ERROR;
				GCC_WARN_UNDECLARED_SELECTOR = YES;
				GCC_WARN_UNINITIALIZED_AUTOS = YES_AGGRESSIVE;
				GCC_WARN_UNUSED_FUNCTION = YES;
				GCC_WARN_UNUSED_VARIABLE = YES;
				IPHONEOS_DEPLOYMENT_TARGET = 11.1;
				MTL_ENABLE_DEBUG_INFO = YES;
				ONLY_ACTIVE_ARCH = YES;
				SDKROOT = iphoneos;
				SWIFT_ACTIVE_COMPILATION_CONDITIONS = DEBUG;
				SWIFT_OPTIMIZATION_LEVEL = "-Onone";
			};
			name = Debug;
		};
		D25A50CE1FBB40F900E8E013 /* Release */ = {
			isa = XCBuildConfiguration;
			buildSettings = {
				ALWAYS_SEARCH_USER_PATHS = NO;
				CLANG_ANALYZER_NONNULL = YES;
				CLANG_ANALYZER_NUMBER_OBJECT_CONVERSION = YES_AGGRESSIVE;
				CLANG_CXX_LANGUAGE_STANDARD = "gnu++14";
				CLANG_CXX_LIBRARY = "libc++";
				CLANG_ENABLE_MODULES = YES;
				CLANG_ENABLE_OBJC_ARC = YES;
				CLANG_WARN_BLOCK_CAPTURE_AUTORELEASING = YES;
				CLANG_WARN_BOOL_CONVERSION = YES;
				CLANG_WARN_COMMA = YES;
				CLANG_WARN_CONSTANT_CONVERSION = YES;
				CLANG_WARN_DIRECT_OBJC_ISA_USAGE = YES_ERROR;
				CLANG_WARN_DOCUMENTATION_COMMENTS = YES;
				CLANG_WARN_EMPTY_BODY = YES;
				CLANG_WARN_ENUM_CONVERSION = YES;
				CLANG_WARN_INFINITE_RECURSION = YES;
				CLANG_WARN_INT_CONVERSION = YES;
				CLANG_WARN_NON_LITERAL_NULL_CONVERSION = YES;
				CLANG_WARN_OBJC_LITERAL_CONVERSION = YES;
				CLANG_WARN_OBJC_ROOT_CLASS = YES_ERROR;
				CLANG_WARN_RANGE_LOOP_ANALYSIS = YES;
				CLANG_WARN_STRICT_PROTOTYPES = YES;
				CLANG_WARN_SUSPICIOUS_MOVE = YES;
				CLANG_WARN_UNGUARDED_AVAILABILITY = YES_AGGRESSIVE;
				CLANG_WARN_UNREACHABLE_CODE = YES;
				CLANG_WARN__DUPLICATE_METHOD_MATCH = YES;
				CODE_SIGN_IDENTITY = "iPhone Developer";
				COPY_PHASE_STRIP = NO;
				DEBUG_INFORMATION_FORMAT = "dwarf-with-dsym";
				ENABLE_NS_ASSERTIONS = NO;
				ENABLE_STRICT_OBJC_MSGSEND = YES;
				GCC_C_LANGUAGE_STANDARD = gnu11;
				GCC_NO_COMMON_BLOCKS = YES;
				GCC_WARN_64_TO_32_BIT_CONVERSION = YES;
				GCC_WARN_ABOUT_RETURN_TYPE = YES_ERROR;
				GCC_WARN_UNDECLARED_SELECTOR = YES;
				GCC_WARN_UNINITIALIZED_AUTOS = YES_AGGRESSIVE;
				GCC_WARN_UNUSED_FUNCTION = YES;
				GCC_WARN_UNUSED_VARIABLE = YES;
				IPHONEOS_DEPLOYMENT_TARGET = 11.1;
				MTL_ENABLE_DEBUG_INFO = NO;
				SDKROOT = iphoneos;
				SWIFT_OPTIMIZATION_LEVEL = "-Owholemodule";
				VALIDATE_PRODUCT = YES;
			};
			name = Release;
		};
		D25A50D01FBB40F900E8E013 /* Debug */ = {
			isa = XCBuildConfiguration;
			buildSettings = {
				ASSETCATALOG_COMPILER_APPICON_NAME = AppIcon;
				CODE_SIGN_STYLE = Automatic;
				INFOPLIST_FILE = Albums/Info.plist;
				LD_RUNPATH_SEARCH_PATHS = "$(inherited) @executable_path/Frameworks";
				PRODUCT_BUNDLE_IDENTIFIER = "Lisa-J.Albums";
				PRODUCT_NAME = "$(TARGET_NAME)";
				SWIFT_VERSION = 4.0;
				TARGETED_DEVICE_FAMILY = "1,2";
			};
			name = Debug;
		};
		D25A50D11FBB40F900E8E013 /* Release */ = {
			isa = XCBuildConfiguration;
			buildSettings = {
				ASSETCATALOG_COMPILER_APPICON_NAME = AppIcon;
				CODE_SIGN_STYLE = Automatic;
				INFOPLIST_FILE = Albums/Info.plist;
				LD_RUNPATH_SEARCH_PATHS = "$(inherited) @executable_path/Frameworks";
				PRODUCT_BUNDLE_IDENTIFIER = "Lisa-J.Albums";
				PRODUCT_NAME = "$(TARGET_NAME)";
				SWIFT_VERSION = 4.0;
				TARGETED_DEVICE_FAMILY = "1,2";
			};
			name = Release;
		};
		D25A50D31FBB40F900E8E013 /* Debug */ = {
			isa = XCBuildConfiguration;
			buildSettings = {
				ALWAYS_EMBED_SWIFT_STANDARD_LIBRARIES = YES;
				BUNDLE_LOADER = "$(TEST_HOST)";
				CODE_SIGN_STYLE = Automatic;
				INFOPLIST_FILE = AlbumsTests/Info.plist;
				LD_RUNPATH_SEARCH_PATHS = "$(inherited) @executable_path/Frameworks @loader_path/Frameworks";
				PRODUCT_BUNDLE_IDENTIFIER = "Lisa-J.AlbumsTests";
				PRODUCT_NAME = "$(TARGET_NAME)";
				SWIFT_VERSION = 4.0;
				TARGETED_DEVICE_FAMILY = "1,2";
				TEST_HOST = "$(BUILT_PRODUCTS_DIR)/Albums.app/Albums";
			};
			name = Debug;
		};
		D25A50D41FBB40F900E8E013 /* Release */ = {
			isa = XCBuildConfiguration;
			buildSettings = {
				ALWAYS_EMBED_SWIFT_STANDARD_LIBRARIES = YES;
				BUNDLE_LOADER = "$(TEST_HOST)";
				CODE_SIGN_STYLE = Automatic;
				INFOPLIST_FILE = AlbumsTests/Info.plist;
				LD_RUNPATH_SEARCH_PATHS = "$(inherited) @executable_path/Frameworks @loader_path/Frameworks";
				PRODUCT_BUNDLE_IDENTIFIER = "Lisa-J.AlbumsTests";
				PRODUCT_NAME = "$(TARGET_NAME)";
				SWIFT_VERSION = 4.0;
				TARGETED_DEVICE_FAMILY = "1,2";
				TEST_HOST = "$(BUILT_PRODUCTS_DIR)/Albums.app/Albums";
			};
			name = Release;
		};
		D25A50D61FBB40F900E8E013 /* Debug */ = {
			isa = XCBuildConfiguration;
			buildSettings = {
				ALWAYS_EMBED_SWIFT_STANDARD_LIBRARIES = YES;
				CODE_SIGN_STYLE = Automatic;
				INFOPLIST_FILE = AlbumsUITests/Info.plist;
				LD_RUNPATH_SEARCH_PATHS = "$(inherited) @executable_path/Frameworks @loader_path/Frameworks";
				PRODUCT_BUNDLE_IDENTIFIER = "Lisa-J.AlbumsUITests";
				PRODUCT_NAME = "$(TARGET_NAME)";
				SWIFT_VERSION = 4.0;
				TARGETED_DEVICE_FAMILY = "1,2";
				TEST_TARGET_NAME = Albums;
			};
			name = Debug;
		};
		D25A50D71FBB40F900E8E013 /* Release */ = {
			isa = XCBuildConfiguration;
			buildSettings = {
				ALWAYS_EMBED_SWIFT_STANDARD_LIBRARIES = YES;
				CODE_SIGN_STYLE = Automatic;
				INFOPLIST_FILE = AlbumsUITests/Info.plist;
				LD_RUNPATH_SEARCH_PATHS = "$(inherited) @executable_path/Frameworks @loader_path/Frameworks";
				PRODUCT_BUNDLE_IDENTIFIER = "Lisa-J.AlbumsUITests";
				PRODUCT_NAME = "$(TARGET_NAME)";
				SWIFT_VERSION = 4.0;
				TARGETED_DEVICE_FAMILY = "1,2";
				TEST_TARGET_NAME = Albums;
			};
			name = Release;
		};
/* End XCBuildConfiguration section */

/* Begin XCConfigurationList section */
		D25A50A21FBB40F800E8E013 /* Build configuration list for PBXProject "Albums" */ = {
			isa = XCConfigurationList;
			buildConfigurations = (
				D25A50CD1FBB40F900E8E013 /* Debug */,
				D25A50CE1FBB40F900E8E013 /* Release */,
			);
			defaultConfigurationIsVisible = 0;
			defaultConfigurationName = Release;
		};
		D25A50CF1FBB40F900E8E013 /* Build configuration list for PBXNativeTarget "Albums" */ = {
			isa = XCConfigurationList;
			buildConfigurations = (
				D25A50D01FBB40F900E8E013 /* Debug */,
				D25A50D11FBB40F900E8E013 /* Release */,
			);
			defaultConfigurationIsVisible = 0;
			defaultConfigurationName = Release;
		};
		D25A50D21FBB40F900E8E013 /* Build configuration list for PBXNativeTarget "AlbumsTests" */ = {
			isa = XCConfigurationList;
			buildConfigurations = (
				D25A50D31FBB40F900E8E013 /* Debug */,
				D25A50D41FBB40F900E8E013 /* Release */,
			);
			defaultConfigurationIsVisible = 0;
			defaultConfigurationName = Release;
		};
		D25A50D51FBB40F900E8E013 /* Build configuration list for PBXNativeTarget "AlbumsUITests" */ = {
			isa = XCConfigurationList;
			buildConfigurations = (
				D25A50D61FBB40F900E8E013 /* Debug */,
				D25A50D71FBB40F900E8E013 /* Release */,
			);
			defaultConfigurationIsVisible = 0;
			defaultConfigurationName = Release;
		};
/* End XCConfigurationList section */
	};
	rootObject = D25A509F1FBB40F800E8E013 /* Project object */;
}
